
Microsoft Visual Studio Solution File, Format Version 12.00
# Visual Studio 2012
Project("{FAE04EC0-301F-11D3-BF4B-00C04F79EFBC}") = "iQuality", "iQuality\iQuality.csproj", "{A44233E9-7830-4DA7-86AD-181D2E7C1CBF}"
EndProject
Global
	GlobalSection(SolutionConfigurationPlatforms) = preSolution
		Debug|Any CPU = Debug|Any CPU
		Release|Any CPU = Release|Any CPU
	EndGlobalSection
	GlobalSection(ProjectConfigurationPlatforms) = postSolution
		{A44233E9-7830-4DA7-86AD-181D2E7C1CBF}.Debug|Any CPU.ActiveCfg = Debug|Any CPU
		{A44233E9-7830-4DA7-86AD-181D2E7C1CBF}.Debug|Any CPU.Build.0 = Debug|Any CPU
		{A44233E9-7830-4DA7-86AD-181D2E7C1CBF}.Release|Any CPU.ActiveCfg = Release|Any CPU
		{A44233E9-7830-4DA7-86AD-181D2E7C1CBF}.Release|Any CPU.Build.0 = Release|Any CPU
	EndGlobalSection
	GlobalSection(SolutionProperties) = preSolution
		HideSolutionNode = FALSE
	EndGlobalSection
EndGlobal
